
Microsoft Visual Studio Solution File, Format Version 12.00
# Visual Studio 15
VisualStudioVersion = 15.0.27703.2035
MinimumVisualStudioVersion = 10.0.40219.1
Project("{FAE04EC0-301F-11D3-BF4B-00C04F79EFBC}") = "PenAndPaper", "PenAndPaper\PenAndPaper.csproj", "{F521E2E1-3E4F-4817-9B90-9220262D9057}"
EndProject
Project("{FAE04EC0-301F-11D3-BF4B-00C04F79EFBC}") = "PenAndPaper.NUnit", "PenAndPaper.NUnit\PenAndPaper.NUnit.csproj", "{9728CED4-3975-48BA-8278-290EBF741E8D}"
EndProject
Global
	GlobalSection(SolutionConfigurationPlatforms) = preSolution
		Debug|Any CPU = Debug|Any CPU
		Release|Any CPU = Release|Any CPU
	EndGlobalSection
	GlobalSection(ProjectConfigurationPlatforms) = postSolution
		{F521E2E1-3E4F-4817-9B90-9220262D9057}.Debug|Any CPU.ActiveCfg = Debug|Any CPU
		{F521E2E1-3E4F-4817-9B90-9220262D9057}.Debug|Any CPU.Build.0 = Debug|Any CPU
		{F521E2E1-3E4F-4817-9B90-9220262D9057}.Release|Any CPU.ActiveCfg = Release|Any CPU
		{F521E2E1-3E4F-4817-9B90-9220262D9057}.Release|Any CPU.Build.0 = Release|Any CPU
		{9728CED4-3975-48BA-8278-290EBF741E8D}.Debug|Any CPU.ActiveCfg = Debug|Any CPU
		{9728CED4-3975-48BA-8278-290EBF741E8D}.Debug|Any CPU.Build.0 = Debug|Any CPU
		{9728CED4-3975-48BA-8278-290EBF741E8D}.Release|Any CPU.ActiveCfg = Release|Any CPU
		{9728CED4-3975-48BA-8278-290EBF741E8D}.Release|Any CPU.Build.0 = Release|Any CPU
	EndGlobalSection
	GlobalSection(SolutionProperties) = preSolution
		HideSolutionNode = FALSE
	EndGlobalSection
	GlobalSection(ExtensibilityGlobals) = postSolution
		SolutionGuid = {E9064B2C-0EA7-4FEF-8D1D-2E0242B0E1F6}
	EndGlobalSection
EndGlobal
